# This file is automatically @generated by Cargo.
# It is not intended for manual editing.
version = 3

[[package]]
name = "la"
version = "0.1.0"
dependencies = [
 "log_macro",
]

[[package]]
name = "log_macro"
version = "0.1.6"
source = "registry+https://github.com/rust-lang/crates.io-index"
checksum = "41eac5c506e890ca59231beb23bf29c8d6058e1a7638bd24e877ea64bf024301"
